
Microsoft Visual Studio Solution File, Format Version 12.00
# Visual Studio 2013
VisualStudioVersion = 12.0.31101.0
MinimumVisualStudioVersion = 10.0.40219.1
Project("{FAE04EC0-301F-11D3-BF4B-00C04F79EFBC}") = "RobPearson.WindowsServiceSpike", "RobPearson.WindowsServiceSpike\RobPearson.WindowsServiceSpike.csproj", "{F1B5CB2F-CF90-4FDA-B217-B39A49B55162}"
EndProject
Project("{2150E333-8FDC-42A3-9474-1A3956D46DE8}") = ".nuget", ".nuget", "{EA9E6B2C-61BD-467F-BEA6-99310E46B74A}"
	ProjectSection(SolutionItems) = preProject
		.nuget\NuGet.Config = .nuget\NuGet.Config
		.nuget\NuGet.exe = .nuget\NuGet.exe
		.nuget\NuGet.targets = .nuget\NuGet.targets
	EndProjectSection
EndProject
Global
	GlobalSection(SolutionConfigurationPlatforms) = preSolution
		Debug|Any CPU = Debug|Any CPU
		Release|Any CPU = Release|Any CPU
	EndGlobalSection
	GlobalSection(ProjectConfigurationPlatforms) = postSolution
		{F1B5CB2F-CF90-4FDA-B217-B39A49B55162}.Debug|Any CPU.ActiveCfg = Debug|Any CPU
		{F1B5CB2F-CF90-4FDA-B217-B39A49B55162}.Debug|Any CPU.Build.0 = Debug|Any CPU
		{F1B5CB2F-CF90-4FDA-B217-B39A49B55162}.Release|Any CPU.ActiveCfg = Release|Any CPU
		{F1B5CB2F-CF90-4FDA-B217-B39A49B55162}.Release|Any CPU.Build.0 = Release|Any CPU
	EndGlobalSection
	GlobalSection(SolutionProperties) = preSolution
		HideSolutionNode = FALSE
	EndGlobalSection
EndGlobal
